// !$*UTF8*$!
{
	archiveVersion = 1;
	classes = {
	};
	objectVersion = 55;
	objects = {

/* Begin PBXBuildFile section */
		D626286828707DD100199332 /* CityCell.swift in Sources */ = {isa = PBXBuildFile; fileRef = D626286628707DD100199332 /* CityCell.swift */; };
		D626286928707DD100199332 /* CityCell.xib in Resources */ = {isa = PBXBuildFile; fileRef = D626286728707DD100199332 /* CityCell.xib */; };
		D626286C28707DE000199332 /* CoreCell.swift in Sources */ = {isa = PBXBuildFile; fileRef = D626286A28707DE000199332 /* CoreCell.swift */; };
		D626286D28707DE000199332 /* CoreCell.xib in Resources */ = {isa = PBXBuildFile; fileRef = D626286B28707DE000199332 /* CoreCell.xib */; };
		D626287028707DF100199332 /* StoryCell.swift in Sources */ = {isa = PBXBuildFile; fileRef = D626286E28707DF000199332 /* StoryCell.swift */; };
		D626287128707DF100199332 /* StoryCell.xib in Resources */ = {isa = PBXBuildFile; fileRef = D626286F28707DF100199332 /* StoryCell.xib */; };
		D626287428707DFD00199332 /* SloganCell.swift in Sources */ = {isa = PBXBuildFile; fileRef = D626287228707DFD00199332 /* SloganCell.swift */; };
		D626287528707DFD00199332 /* SloganCell.xib in Resources */ = {isa = PBXBuildFile; fileRef = D626287328707DFD00199332 /* SloganCell.xib */; };
		D626287828707E0D00199332 /* CreateTimeCell.swift in Sources */ = {isa = PBXBuildFile; fileRef = D626287628707E0D00199332 /* CreateTimeCell.swift */; };
		D626287928707E0D00199332 /* CreateTimeCell.xib in Resources */ = {isa = PBXBuildFile; fileRef = D626287728707E0D00199332 /* CreateTimeCell.xib */; };
		D6406813286729B500E41D49 /* HomePageViewController.swift in Sources */ = {isa = PBXBuildFile; fileRef = D6406811286729B500E41D49 /* HomePageViewController.swift */; };
		D6406814286729B500E41D49 /* HomePageViewController.xib in Resources */ = {isa = PBXBuildFile; fileRef = D6406812286729B500E41D49 /* HomePageViewController.xib */; };
		D640681E28674E8A00E41D49 /* WebViewController.swift in Sources */ = {isa = PBXBuildFile; fileRef = D640681C28674E8A00E41D49 /* WebViewController.swift */; };
		D640681F28674E8A00E41D49 /* WebViewController.xib in Resources */ = {isa = PBXBuildFile; fileRef = D640681D28674E8A00E41D49 /* WebViewController.xib */; };
		D64068222867514700E41D49 /* GenSekiGothic-H.ttc in Resources */ = {isa = PBXBuildFile; fileRef = D64068212867514600E41D49 /* GenSekiGothic-H.ttc */; };
		D64068242867557800E41D49 /* Web+Extension.swift in Sources */ = {isa = PBXBuildFile; fileRef = D64068232867557800E41D49 /* Web+Extension.swift */; };
		D64068262868189F00E41D49 /* HomePageModel.swift in Sources */ = {isa = PBXBuildFile; fileRef = D64068252868189F00E41D49 /* HomePageModel.swift */; };
		D640682D2868194700E41D49 /* DownloadHelper.swift in Sources */ = {isa = PBXBuildFile; fileRef = D640682B2868194700E41D49 /* DownloadHelper.swift */; };
		D640682E2868194700E41D49 /* Color.swift in Sources */ = {isa = PBXBuildFile; fileRef = D640682C2868194700E41D49 /* Color.swift */; };
		D64068312868199C00E41D49 /* HomePageViewModel.swift in Sources */ = {isa = PBXBuildFile; fileRef = D64068302868199C00E41D49 /* HomePageViewModel.swift */; };
		D640683328681ACC00E41D49 /* HomeListCellViewModel.swift in Sources */ = {isa = PBXBuildFile; fileRef = D640683228681ACC00E41D49 /* HomeListCellViewModel.swift */; };
		D64068352868296000E41D49 /* HomePage+Extension.swift in Sources */ = {isa = PBXBuildFile; fileRef = D64068342868296000E41D49 /* HomePage+Extension.swift */; };
		D640683828682A9B00E41D49 /* HomePageCell.swift in Sources */ = {isa = PBXBuildFile; fileRef = D640683628682A9B00E41D49 /* HomePageCell.swift */; };
		D640683928682A9B00E41D49 /* HomePageCell.xib in Resources */ = {isa = PBXBuildFile; fileRef = D640683728682A9B00E41D49 /* HomePageCell.xib */; };
		D64068422868658C00E41D49 /* CoverImageCell.swift in Sources */ = {isa = PBXBuildFile; fileRef = D64068402868658C00E41D49 /* CoverImageCell.swift */; };
		D64068432868658C00E41D49 /* CoverImageCell.xib in Resources */ = {isa = PBXBuildFile; fileRef = D64068412868658C00E41D49 /* CoverImageCell.xib */; };
		D6406845286865D800E41D49 /* CoverImageViewModel.swift in Sources */ = {isa = PBXBuildFile; fileRef = D6406844286865D800E41D49 /* CoverImageViewModel.swift */; };
		D6413A03286F212E006BC310 /* AllTeamsViewController.swift in Sources */ = {isa = PBXBuildFile; fileRef = D6413A01286F212E006BC310 /* AllTeamsViewController.swift */; };
		D6413A04286F212E006BC310 /* AllTeamsViewController.xib in Resources */ = {isa = PBXBuildFile; fileRef = D6413A02286F212E006BC310 /* AllTeamsViewController.xib */; };
		D6413A09286F2645006BC310 /* AllTeamsModel.swift in Sources */ = {isa = PBXBuildFile; fileRef = D6413A08286F2645006BC310 /* AllTeamsModel.swift */; };
		D6413A0B286F2792006BC310 /* AllTeamsViewModel.swift in Sources */ = {isa = PBXBuildFile; fileRef = D6413A0A286F2792006BC310 /* AllTeamsViewModel.swift */; };
		D6413A0D287019A9006BC310 /* AllTeams+Extension.swift in Sources */ = {isa = PBXBuildFile; fileRef = D6413A0C287019A9006BC310 /* AllTeams+Extension.swift */; };
		D6413A10287019FC006BC310 /* TeamViewCell.swift in Sources */ = {isa = PBXBuildFile; fileRef = D6413A0E287019FC006BC310 /* TeamViewCell.swift */; };
		D6413A11287019FC006BC310 /* TeamViewCell.xib in Resources */ = {isa = PBXBuildFile; fileRef = D6413A0F287019FC006BC310 /* TeamViewCell.xib */; };
		D6413A1328701C53006BC310 /* TeamViewCellViewModel.swift in Sources */ = {isa = PBXBuildFile; fileRef = D6413A1228701C53006BC310 /* TeamViewCellViewModel.swift */; };
		D6413A1628702BF5006BC310 /* TeamViewController.swift in Sources */ = {isa = PBXBuildFile; fileRef = D6413A1428702BF4006BC310 /* TeamViewController.swift */; };
		D6413A1728702BF5006BC310 /* TeamViewController.xib in Resources */ = {isa = PBXBuildFile; fileRef = D6413A1528702BF5006BC310 /* TeamViewController.xib */; };
		D6413A192870448E006BC310 /* TeamViewController+Extension.swift in Sources */ = {isa = PBXBuildFile; fileRef = D6413A182870448E006BC310 /* TeamViewController+Extension.swift */; };
		D645DC4128717811003B0FE7 /* LineupViewModel.swift in Sources */ = {isa = PBXBuildFile; fileRef = D645DC4028717811003B0FE7 /* LineupViewModel.swift */; };
		D645DC44287178AD003B0FE7 /* PlayerCell.swift in Sources */ = {isa = PBXBuildFile; fileRef = D645DC42287178AD003B0FE7 /* PlayerCell.swift */; };
		D645DC45287178AD003B0FE7 /* PlayerCell.xib in Resources */ = {isa = PBXBuildFile; fileRef = D645DC43287178AD003B0FE7 /* PlayerCell.xib */; };
		D645DC4728717A77003B0FE7 /* PlayerCellViewModel.swift in Sources */ = {isa = PBXBuildFile; fileRef = D645DC4628717A77003B0FE7 /* PlayerCellViewModel.swift */; };
		D645DC4928717BF2003B0FE7 /* LineupModel.swift in Sources */ = {isa = PBXBuildFile; fileRef = D645DC4828717BF2003B0FE7 /* LineupModel.swift */; };
		D6B8321A2865F0BD004545BF /* AppDelegate.swift in Sources */ = {isa = PBXBuildFile; fileRef = D6B832192865F0BD004545BF /* AppDelegate.swift */; };
		D6B8321C2865F0BD004545BF /* SceneDelegate.swift in Sources */ = {isa = PBXBuildFile; fileRef = D6B8321B2865F0BD004545BF /* SceneDelegate.swift */; };
		D6B832212865F0BD004545BF /* Main.storyboard in Resources */ = {isa = PBXBuildFile; fileRef = D6B8321F2865F0BD004545BF /* Main.storyboard */; };
		D6B832232865F0BE004545BF /* Assets.xcassets in Resources */ = {isa = PBXBuildFile; fileRef = D6B832222865F0BE004545BF /* Assets.xcassets */; };
		D6B832262865F0BE004545BF /* LaunchScreen.storyboard in Resources */ = {isa = PBXBuildFile; fileRef = D6B832242865F0BE004545BF /* LaunchScreen.storyboard */; };
		D6B8322F2865FF43004545BF /* LaunchViewController.swift in Sources */ = {isa = PBXBuildFile; fileRef = D6B8322D2865FF43004545BF /* LaunchViewController.swift */; };
		D6B832302865FF43004545BF /* LaunchViewController.xib in Resources */ = {isa = PBXBuildFile; fileRef = D6B8322E2865FF43004545BF /* LaunchViewController.xib */; };
		D6B832332866CB16004545BF /* Silver.ttf in Resources */ = {isa = PBXBuildFile; fileRef = D6B832322866CA38004545BF /* Silver.ttf */; };
		D6DF69F3286DD048008476EF /* SeasonCoverImageView.swift in Sources */ = {isa = PBXBuildFile; fileRef = D6DF69F2286DD048008476EF /* SeasonCoverImageView.swift */; };
		D6DF69F5286DD067008476EF /* SeasonCoverImageViewModel.swift in Sources */ = {isa = PBXBuildFile; fileRef = D6DF69F4286DD067008476EF /* SeasonCoverImageViewModel.swift */; };
		D6DF69F7286DD11B008476EF /* SupportImageView.swift in Sources */ = {isa = PBXBuildFile; fileRef = D6DF69F6286DD11B008476EF /* SupportImageView.swift */; };
		D6DF69F9286DD131008476EF /* SupportImageViewModel.swift in Sources */ = {isa = PBXBuildFile; fileRef = D6DF69F8286DD131008476EF /* SupportImageViewModel.swift */; };
/* End PBXBuildFile section */

/* Begin PBXFileReference section */
		D626286628707DD100199332 /* CityCell.swift */ = {isa = PBXFileReference; lastKnownFileType = sourcecode.swift; path = CityCell.swift; sourceTree = "<group>"; };
		D626286728707DD100199332 /* CityCell.xib */ = {isa = PBXFileReference; lastKnownFileType = file.xib; path = CityCell.xib; sourceTree = "<group>"; };
		D626286A28707DE000199332 /* CoreCell.swift */ = {isa = PBXFileReference; lastKnownFileType = sourcecode.swift; path = CoreCell.swift; sourceTree = "<group>"; };
		D626286B28707DE000199332 /* CoreCell.xib */ = {isa = PBXFileReference; lastKnownFileType = file.xib; path = CoreCell.xib; sourceTree = "<group>"; };
		D626286E28707DF000199332 /* StoryCell.swift */ = {isa = PBXFileReference; lastKnownFileType = sourcecode.swift; path = StoryCell.swift; sourceTree = "<group>"; };
		D626286F28707DF100199332 /* StoryCell.xib */ = {isa = PBXFileReference; lastKnownFileType = file.xib; path = StoryCell.xib; sourceTree = "<group>"; };
		D626287228707DFD00199332 /* SloganCell.swift */ = {isa = PBXFileReference; lastKnownFileType = sourcecode.swift; path = SloganCell.swift; sourceTree = "<group>"; };
		D626287328707DFD00199332 /* SloganCell.xib */ = {isa = PBXFileReference; lastKnownFileType = file.xib; path = SloganCell.xib; sourceTree = "<group>"; };
		D626287628707E0D00199332 /* CreateTimeCell.swift */ = {isa = PBXFileReference; lastKnownFileType = sourcecode.swift; path = CreateTimeCell.swift; sourceTree = "<group>"; };
		D626287728707E0D00199332 /* CreateTimeCell.xib */ = {isa = PBXFileReference; lastKnownFileType = file.xib; path = CreateTimeCell.xib; sourceTree = "<group>"; };
		D6406811286729B500E41D49 /* HomePageViewController.swift */ = {isa = PBXFileReference; lastKnownFileType = sourcecode.swift; path = HomePageViewController.swift; sourceTree = "<group>"; };
		D6406812286729B500E41D49 /* HomePageViewController.xib */ = {isa = PBXFileReference; lastKnownFileType = file.xib; path = HomePageViewController.xib; sourceTree = "<group>"; };
		D640681C28674E8A00E41D49 /* WebViewController.swift */ = {isa = PBXFileReference; lastKnownFileType = sourcecode.swift; path = WebViewController.swift; sourceTree = "<group>"; };
		D640681D28674E8A00E41D49 /* WebViewController.xib */ = {isa = PBXFileReference; lastKnownFileType = file.xib; path = WebViewController.xib; sourceTree = "<group>"; };
		D64068212867514600E41D49 /* GenSekiGothic-H.ttc */ = {isa = PBXFileReference; lastKnownFileType = file; path = "GenSekiGothic-H.ttc"; sourceTree = "<group>"; };
		D64068232867557800E41D49 /* Web+Extension.swift */ = {isa = PBXFileReference; lastKnownFileType = sourcecode.swift; path = "Web+Extension.swift"; sourceTree = "<group>"; };
		D64068252868189F00E41D49 /* HomePageModel.swift */ = {isa = PBXFileReference; fileEncoding = 4; lastKnownFileType = sourcecode.swift; path = HomePageModel.swift; sourceTree = "<group>"; };
		D640682B2868194700E41D49 /* DownloadHelper.swift */ = {isa = PBXFileReference; fileEncoding = 4; lastKnownFileType = sourcecode.swift; path = DownloadHelper.swift; sourceTree = "<group>"; };
		D640682C2868194700E41D49 /* Color.swift */ = {isa = PBXFileReference; fileEncoding = 4; lastKnownFileType = sourcecode.swift; path = Color.swift; sourceTree = "<group>"; };
		D64068302868199C00E41D49 /* HomePageViewModel.swift */ = {isa = PBXFileReference; lastKnownFileType = sourcecode.swift; path = HomePageViewModel.swift; sourceTree = "<group>"; };
		D640683228681ACC00E41D49 /* HomeListCellViewModel.swift */ = {isa = PBXFileReference; lastKnownFileType = sourcecode.swift; path = HomeListCellViewModel.swift; sourceTree = "<group>"; };
		D64068342868296000E41D49 /* HomePage+Extension.swift */ = {isa = PBXFileReference; lastKnownFileType = sourcecode.swift; path = "HomePage+Extension.swift"; sourceTree = "<group>"; };
		D640683628682A9B00E41D49 /* HomePageCell.swift */ = {isa = PBXFileReference; lastKnownFileType = sourcecode.swift; path = HomePageCell.swift; sourceTree = "<group>"; };
		D640683728682A9B00E41D49 /* HomePageCell.xib */ = {isa = PBXFileReference; lastKnownFileType = file.xib; path = HomePageCell.xib; sourceTree = "<group>"; };
		D64068402868658C00E41D49 /* CoverImageCell.swift */ = {isa = PBXFileReference; lastKnownFileType = sourcecode.swift; name = CoverImageCell.swift; path = "PlusLeague+/HomePage/View+Controller/CoverImageCell.swift"; sourceTree = SOURCE_ROOT; };
		D64068412868658C00E41D49 /* CoverImageCell.xib */ = {isa = PBXFileReference; lastKnownFileType = file.xib; name = CoverImageCell.xib; path = "PlusLeague+/HomePage/View+Controller/CoverImageCell.xib"; sourceTree = SOURCE_ROOT; };
		D6406844286865D800E41D49 /* CoverImageViewModel.swift */ = {isa = PBXFileReference; lastKnownFileType = sourcecode.swift; path = CoverImageViewModel.swift; sourceTree = "<group>"; };
		D6413A01286F212E006BC310 /* AllTeamsViewController.swift */ = {isa = PBXFileReference; lastKnownFileType = sourcecode.swift; path = AllTeamsViewController.swift; sourceTree = "<group>"; };
		D6413A02286F212E006BC310 /* AllTeamsViewController.xib */ = {isa = PBXFileReference; lastKnownFileType = file.xib; path = AllTeamsViewController.xib; sourceTree = "<group>"; };
		D6413A08286F2645006BC310 /* AllTeamsModel.swift */ = {isa = PBXFileReference; lastKnownFileType = sourcecode.swift; path = AllTeamsModel.swift; sourceTree = "<group>"; };
		D6413A0A286F2792006BC310 /* AllTeamsViewModel.swift */ = {isa = PBXFileReference; lastKnownFileType = sourcecode.swift; path = AllTeamsViewModel.swift; sourceTree = "<group>"; };
		D6413A0C287019A9006BC310 /* AllTeams+Extension.swift */ = {isa = PBXFileReference; lastKnownFileType = sourcecode.swift; path = "AllTeams+Extension.swift"; sourceTree = "<group>"; };
		D6413A0E287019FC006BC310 /* TeamViewCell.swift */ = {isa = PBXFileReference; lastKnownFileType = sourcecode.swift; path = TeamViewCell.swift; sourceTree = "<group>"; };
		D6413A0F287019FC006BC310 /* TeamViewCell.xib */ = {isa = PBXFileReference; lastKnownFileType = file.xib; path = TeamViewCell.xib; sourceTree = "<group>"; };
		D6413A1228701C53006BC310 /* TeamViewCellViewModel.swift */ = {isa = PBXFileReference; lastKnownFileType = sourcecode.swift; path = TeamViewCellViewModel.swift; sourceTree = "<group>"; };
		D6413A1428702BF4006BC310 /* TeamViewController.swift */ = {isa = PBXFileReference; lastKnownFileType = sourcecode.swift; path = TeamViewController.swift; sourceTree = "<group>"; };
		D6413A1528702BF5006BC310 /* TeamViewController.xib */ = {isa = PBXFileReference; lastKnownFileType = file.xib; path = TeamViewController.xib; sourceTree = "<group>"; };
		D6413A182870448E006BC310 /* TeamViewController+Extension.swift */ = {isa = PBXFileReference; lastKnownFileType = sourcecode.swift; path = "TeamViewController+Extension.swift"; sourceTree = "<group>"; };
		D645DC4028717811003B0FE7 /* LineupViewModel.swift */ = {isa = PBXFileReference; lastKnownFileType = sourcecode.swift; path = LineupViewModel.swift; sourceTree = "<group>"; };
		D645DC42287178AD003B0FE7 /* PlayerCell.swift */ = {isa = PBXFileReference; lastKnownFileType = sourcecode.swift; name = PlayerCell.swift; path = "PlusLeague+/AllTeams/View+Controller/lineupInfo/PlayerCell.swift"; sourceTree = SOURCE_ROOT; };
		D645DC43287178AD003B0FE7 /* PlayerCell.xib */ = {isa = PBXFileReference; lastKnownFileType = file.xib; name = PlayerCell.xib; path = "PlusLeague+/AllTeams/View+Controller/lineupInfo/PlayerCell.xib"; sourceTree = SOURCE_ROOT; };
		D645DC4628717A77003B0FE7 /* PlayerCellViewModel.swift */ = {isa = PBXFileReference; lastKnownFileType = sourcecode.swift; path = PlayerCellViewModel.swift; sourceTree = "<group>"; };
		D645DC4828717BF2003B0FE7 /* LineupModel.swift */ = {isa = PBXFileReference; lastKnownFileType = sourcecode.swift; path = LineupModel.swift; sourceTree = "<group>"; };
		D6B832162865F0BD004545BF /* PlusLeague+.app */ = {isa = PBXFileReference; explicitFileType = wrapper.application; includeInIndex = 0; path = "PlusLeague+.app"; sourceTree = BUILT_PRODUCTS_DIR; };
		D6B832192865F0BD004545BF /* AppDelegate.swift */ = {isa = PBXFileReference; lastKnownFileType = sourcecode.swift; path = AppDelegate.swift; sourceTree = "<group>"; };
		D6B8321B2865F0BD004545BF /* SceneDelegate.swift */ = {isa = PBXFileReference; lastKnownFileType = sourcecode.swift; path = SceneDelegate.swift; sourceTree = "<group>"; };
		D6B832202865F0BD004545BF /* Base */ = {isa = PBXFileReference; lastKnownFileType = file.storyboard; name = Base; path = Base.lproj/Main.storyboard; sourceTree = "<group>"; };
		D6B832222865F0BE004545BF /* Assets.xcassets */ = {isa = PBXFileReference; lastKnownFileType = folder.assetcatalog; path = Assets.xcassets; sourceTree = "<group>"; };
		D6B832252865F0BE004545BF /* Base */ = {isa = PBXFileReference; lastKnownFileType = file.storyboard; name = Base; path = Base.lproj/LaunchScreen.storyboard; sourceTree = "<group>"; };
		D6B832272865F0BE004545BF /* Info.plist */ = {isa = PBXFileReference; lastKnownFileType = text.plist.xml; path = Info.plist; sourceTree = "<group>"; };
		D6B8322D2865FF43004545BF /* LaunchViewController.swift */ = {isa = PBXFileReference; lastKnownFileType = sourcecode.swift; path = LaunchViewController.swift; sourceTree = "<group>"; };
		D6B8322E2865FF43004545BF /* LaunchViewController.xib */ = {isa = PBXFileReference; lastKnownFileType = file.xib; path = LaunchViewController.xib; sourceTree = "<group>"; };
		D6B832322866CA38004545BF /* Silver.ttf */ = {isa = PBXFileReference; lastKnownFileType = file; path = Silver.ttf; sourceTree = "<group>"; };
		D6DF69F2286DD048008476EF /* SeasonCoverImageView.swift */ = {isa = PBXFileReference; lastKnownFileType = sourcecode.swift; name = SeasonCoverImageView.swift; path = "PlusLeague+/HomePage/View+Controller/SeasonCoverImageView.swift"; sourceTree = SOURCE_ROOT; };
		D6DF69F4286DD067008476EF /* SeasonCoverImageViewModel.swift */ = {isa = PBXFileReference; lastKnownFileType = sourcecode.swift; path = SeasonCoverImageViewModel.swift; sourceTree = "<group>"; };
		D6DF69F6286DD11B008476EF /* SupportImageView.swift */ = {isa = PBXFileReference; lastKnownFileType = sourcecode.swift; name = SupportImageView.swift; path = "PlusLeague+/HomePage/View+Controller/SupportImageView.swift"; sourceTree = SOURCE_ROOT; };
		D6DF69F8286DD131008476EF /* SupportImageViewModel.swift */ = {isa = PBXFileReference; lastKnownFileType = sourcecode.swift; path = SupportImageViewModel.swift; sourceTree = "<group>"; };
/* End PBXFileReference section */

/* Begin PBXFrameworksBuildPhase section */
		D6B832132865F0BD004545BF /* Frameworks */ = {
			isa = PBXFrameworksBuildPhase;
			buildActionMask = 2147483647;
			files = (
			);
			runOnlyForDeploymentPostprocessing = 0;
		};
/* End PBXFrameworksBuildPhase section */

/* Begin PBXGroup section */
		D611F1AD28719E16003F74E9 /* ProfileInfo */ = {
			isa = PBXGroup;
			children = (
				D626286628707DD100199332 /* CityCell.swift */,
				D626286A28707DE000199332 /* CoreCell.swift */,
				D626286E28707DF000199332 /* StoryCell.swift */,
				D626287228707DFD00199332 /* SloganCell.swift */,
				D626287628707E0D00199332 /* CreateTimeCell.swift */,
				D626287728707E0D00199332 /* CreateTimeCell.xib */,
				D626287328707DFD00199332 /* SloganCell.xib */,
				D626286F28707DF100199332 /* StoryCell.xib */,
				D626286B28707DE000199332 /* CoreCell.xib */,
				D626286728707DD100199332 /* CityCell.xib */,
			);
			path = ProfileInfo;
			sourceTree = "<group>";
		};
		D611F1AE28719E38003F74E9 /* lineupInfo */ = {
			isa = PBXGroup;
			children = (
				D645DC42287178AD003B0FE7 /* PlayerCell.swift */,
				D645DC43287178AD003B0FE7 /* PlayerCell.xib */,
			);
			path = lineupInfo;
			sourceTree = "<group>";
		};
		D611F1AF28719E5C003F74E9 /* AllTeamsCell */ = {
			isa = PBXGroup;
			children = (
				D6413A0E287019FC006BC310 /* TeamViewCell.swift */,
				D6413A0F287019FC006BC310 /* TeamViewCell.xib */,
			);
			path = AllTeamsCell;
			sourceTree = "<group>";
		};
		D64068152867327200E41D49 /* HomePage */ = {
			isa = PBXGroup;
			children = (
				D6406828286818BF00E41D49 /* Model */,
				D6406827286818AF00E41D49 /* View+Controller */,
				D640682F2868195A00E41D49 /* ViewModel */,
			);
			path = HomePage;
			sourceTree = "<group>";
		};
		D640682028674E9100E41D49 /* WebView */ = {
			isa = PBXGroup;
			children = (
				D640681C28674E8A00E41D49 /* WebViewController.swift */,
				D64068232867557800E41D49 /* Web+Extension.swift */,
				D640681D28674E8A00E41D49 /* WebViewController.xib */,
			);
			path = WebView;
			sourceTree = "<group>";
		};
		D6406827286818AF00E41D49 /* View+Controller */ = {
			isa = PBXGroup;
			children = (
				D6406811286729B500E41D49 /* HomePageViewController.swift */,
				D64068342868296000E41D49 /* HomePage+Extension.swift */,
				D6DF69F2286DD048008476EF /* SeasonCoverImageView.swift */,
				D6DF69F6286DD11B008476EF /* SupportImageView.swift */,
				D640683628682A9B00E41D49 /* HomePageCell.swift */,
				D64068402868658C00E41D49 /* CoverImageCell.swift */,
				D64068412868658C00E41D49 /* CoverImageCell.xib */,
				D640683728682A9B00E41D49 /* HomePageCell.xib */,
				D6406812286729B500E41D49 /* HomePageViewController.xib */,
			);
			path = "View+Controller";
			sourceTree = "<group>";
		};
		D6406828286818BF00E41D49 /* Model */ = {
			isa = PBXGroup;
			children = (
				D64068252868189F00E41D49 /* HomePageModel.swift */,
			);
			path = Model;
			sourceTree = "<group>";
		};
		D640682A2868194700E41D49 /* Tool */ = {
			isa = PBXGroup;
			children = (
				D640682B2868194700E41D49 /* DownloadHelper.swift */,
				D640682C2868194700E41D49 /* Color.swift */,
			);
			path = Tool;
			sourceTree = "<group>";
		};
		D640682F2868195A00E41D49 /* ViewModel */ = {
			isa = PBXGroup;
			children = (
				D6DF69F4286DD067008476EF /* SeasonCoverImageViewModel.swift */,
				D6DF69F8286DD131008476EF /* SupportImageViewModel.swift */,
				D64068302868199C00E41D49 /* HomePageViewModel.swift */,
				D6406844286865D800E41D49 /* CoverImageViewModel.swift */,
				D640683228681ACC00E41D49 /* HomeListCellViewModel.swift */,
			);
			path = ViewModel;
			sourceTree = "<group>";
		};
		D6413A00286F20CF006BC310 /* AllTeams */ = {
			isa = PBXGroup;
			children = (
				D6413A06286F21CA006BC310 /* Model */,
				D6413A05286F21AC006BC310 /* View+Controller */,
				D6413A07286F21D2006BC310 /* ViewModel */,
			);
			path = AllTeams;
			sourceTree = "<group>";
		};
		D6413A05286F21AC006BC310 /* View+Controller */ = {
			isa = PBXGroup;
			children = (
				D6413A1B2870457F006BC310 /* TeamView */,
				D6413A1A2870456B006BC310 /* AllTeamsPage */,
				D611F1AE28719E38003F74E9 /* lineupInfo */,
				D611F1AF28719E5C003F74E9 /* AllTeamsCell */,
				D611F1AD28719E16003F74E9 /* ProfileInfo */,
			);
			path = "View+Controller";
			sourceTree = "<group>";
		};
		D6413A06286F21CA006BC310 /* Model */ = {
			isa = PBXGroup;
			children = (
				D6413A08286F2645006BC310 /* AllTeamsModel.swift */,
				D645DC4828717BF2003B0FE7 /* LineupModel.swift */,
			);
			path = Model;
			sourceTree = "<group>";
		};
		D6413A07286F21D2006BC310 /* ViewModel */ = {
			isa = PBXGroup;
			children = (
				D6413A0A286F2792006BC310 /* AllTeamsViewModel.swift */,
				D6413A1228701C53006BC310 /* TeamViewCellViewModel.swift */,
				D645DC4628717A77003B0FE7 /* PlayerCellViewModel.swift */,
				D645DC4028717811003B0FE7 /* LineupViewModel.swift */,
			);
			path = ViewModel;
			sourceTree = "<group>";
		};
		D6413A1A2870456B006BC310 /* AllTeamsPage */ = {
			isa = PBXGroup;
			children = (
				D6413A01286F212E006BC310 /* AllTeamsViewController.swift */,
				D6413A0C287019A9006BC310 /* AllTeams+Extension.swift */,
				D6413A02286F212E006BC310 /* AllTeamsViewController.xib */,
			);
			path = AllTeamsPage;
			sourceTree = "<group>";
		};
		D6413A1B2870457F006BC310 /* TeamView */ = {
			isa = PBXGroup;
			children = (
				D6413A1428702BF4006BC310 /* TeamViewController.swift */,
				D6413A182870448E006BC310 /* TeamViewController+Extension.swift */,
				D6413A1528702BF5006BC310 /* TeamViewController.xib */,
			);
			path = TeamView;
			sourceTree = "<group>";
		};
		D6B8320D2865F0BD004545BF = {
			isa = PBXGroup;
			children = (
				D6B832182865F0BD004545BF /* PlusLeague+ */,
				D6B832172865F0BD004545BF /* Products */,
			);
			sourceTree = "<group>";
		};
		D6B832172865F0BD004545BF /* Products */ = {
			isa = PBXGroup;
			children = (
				D6B832162865F0BD004545BF /* PlusLeague+.app */,
			);
			name = Products;
			sourceTree = "<group>";
		};
		D6B832182865F0BD004545BF /* PlusLeague+ */ = {
			isa = PBXGroup;
			children = (
				D6B832192865F0BD004545BF /* AppDelegate.swift */,
				D6B8321B2865F0BD004545BF /* SceneDelegate.swift */,
				D6B832312866C485004545BF /* LauchView */,
				D64068152867327200E41D49 /* HomePage */,
				D640682028674E9100E41D49 /* WebView */,
				D6413A00286F20CF006BC310 /* AllTeams */,
				D640682A2868194700E41D49 /* Tool */,
				D6B8321F2865F0BD004545BF /* Main.storyboard */,
				D6B832222865F0BE004545BF /* Assets.xcassets */,
				D6B832242865F0BE004545BF /* LaunchScreen.storyboard */,
				D6B832272865F0BE004545BF /* Info.plist */,
				D6B832322866CA38004545BF /* Silver.ttf */,
				D64068212867514600E41D49 /* GenSekiGothic-H.ttc */,
			);
			path = "PlusLeague+";
			sourceTree = "<group>";
		};
		D6B832312866C485004545BF /* LauchView */ = {
			isa = PBXGroup;
			children = (
				D6B8322D2865FF43004545BF /* LaunchViewController.swift */,
				D6B8322E2865FF43004545BF /* LaunchViewController.xib */,
			);
			path = LauchView;
			sourceTree = "<group>";
		};
/* End PBXGroup section */

/* Begin PBXNativeTarget section */
		D6B832152865F0BD004545BF /* PlusLeague+ */ = {
			isa = PBXNativeTarget;
			buildConfigurationList = D6B8322A2865F0BE004545BF /* Build configuration list for PBXNativeTarget "PlusLeague+" */;
			buildPhases = (
				D6B832122865F0BD004545BF /* Sources */,
				D6B832132865F0BD004545BF /* Frameworks */,
				D6B832142865F0BD004545BF /* Resources */,
			);
			buildRules = (
			);
			dependencies = (
			);
			name = "PlusLeague+";
			productName = "PlusLeague+";
			productReference = D6B832162865F0BD004545BF /* PlusLeague+.app */;
			productType = "com.apple.product-type.application";
		};
/* End PBXNativeTarget section */

/* Begin PBXProject section */
		D6B8320E2865F0BD004545BF /* Project object */ = {
			isa = PBXProject;
			attributes = {
				BuildIndependentTargetsInParallel = 1;
				LastSwiftUpdateCheck = 1340;
				LastUpgradeCheck = 1340;
				TargetAttributes = {
					D6B832152865F0BD004545BF = {
						CreatedOnToolsVersion = 13.4.1;
					};
				};
			};
			buildConfigurationList = D6B832112865F0BD004545BF /* Build configuration list for PBXProject "PlusLeague+" */;
			compatibilityVersion = "Xcode 13.0";
			developmentRegion = en;
			hasScannedForEncodings = 0;
			knownRegions = (
				en,
				Base,
			);
			mainGroup = D6B8320D2865F0BD004545BF;
			productRefGroup = D6B832172865F0BD004545BF /* Products */;
			projectDirPath = "";
			projectRoot = "";
			targets = (
				D6B832152865F0BD004545BF /* PlusLeague+ */,
			);
		};
/* End PBXProject section */

/* Begin PBXResourcesBuildPhase section */
		D6B832142865F0BD004545BF /* Resources */ = {
			isa = PBXResourcesBuildPhase;
			buildActionMask = 2147483647;
			files = (
				D626286D28707DE000199332 /* CoreCell.xib in Resources */,
				D626287528707DFD00199332 /* SloganCell.xib in Resources */,
				D640683928682A9B00E41D49 /* HomePageCell.xib in Resources */,
				D6B832262865F0BE004545BF /* LaunchScreen.storyboard in Resources */,
				D6406814286729B500E41D49 /* HomePageViewController.xib in Resources */,
				D6B832232865F0BE004545BF /* Assets.xcassets in Resources */,
				D640681F28674E8A00E41D49 /* WebViewController.xib in Resources */,
				D64068432868658C00E41D49 /* CoverImageCell.xib in Resources */,
				D6B832332866CB16004545BF /* Silver.ttf in Resources */,
				D64068222867514700E41D49 /* GenSekiGothic-H.ttc in Resources */,
				D626286928707DD100199332 /* CityCell.xib in Resources */,
				D6413A1728702BF5006BC310 /* TeamViewController.xib in Resources */,
				D6B832212865F0BD004545BF /* Main.storyboard in Resources */,
				D645DC45287178AD003B0FE7 /* PlayerCell.xib in Resources */,
				D6B832302865FF43004545BF /* LaunchViewController.xib in Resources */,
				D626287928707E0D00199332 /* CreateTimeCell.xib in Resources */,
				D6413A04286F212E006BC310 /* AllTeamsViewController.xib in Resources */,
				D6413A11287019FC006BC310 /* TeamViewCell.xib in Resources */,
				D626287128707DF100199332 /* StoryCell.xib in Resources */,
			);
			runOnlyForDeploymentPostprocessing = 0;
		};
/* End PBXResourcesBuildPhase section */

/* Begin PBXSourcesBuildPhase section */
		D6B832122865F0BD004545BF /* Sources */ = {
			isa = PBXSourcesBuildPhase;
			buildActionMask = 2147483647;
			files = (
				D626286C28707DE000199332 /* CoreCell.swift in Sources */,
				D6406813286729B500E41D49 /* HomePageViewController.swift in Sources */,
				D6413A09286F2645006BC310 /* AllTeamsModel.swift in Sources */,
				D6B8321A2865F0BD004545BF /* AppDelegate.swift in Sources */,
				D6413A192870448E006BC310 /* TeamViewController+Extension.swift in Sources */,
				D626287428707DFD00199332 /* SloganCell.swift in Sources */,
				D6406845286865D800E41D49 /* CoverImageViewModel.swift in Sources */,
				D6B8321C2865F0BD004545BF /* SceneDelegate.swift in Sources */,
				D640681E28674E8A00E41D49 /* WebViewController.swift in Sources */,
				D64068312868199C00E41D49 /* HomePageViewModel.swift in Sources */,
				D6DF69F3286DD048008476EF /* SeasonCoverImageView.swift in Sources */,
				D64068352868296000E41D49 /* HomePage+Extension.swift in Sources */,
				D6413A03286F212E006BC310 /* AllTeamsViewController.swift in Sources */,
				D640683828682A9B00E41D49 /* HomePageCell.swift in Sources */,
				D64068242867557800E41D49 /* Web+Extension.swift in Sources */,
				D64068262868189F00E41D49 /* HomePageModel.swift in Sources */,
				D64068422868658C00E41D49 /* CoverImageCell.swift in Sources */,
				D6DF69F5286DD067008476EF /* SeasonCoverImageViewModel.swift in Sources */,
				D626287828707E0D00199332 /* CreateTimeCell.swift in Sources */,
				D6413A1628702BF5006BC310 /* TeamViewController.swift in Sources */,
				D6413A10287019FC006BC310 /* TeamViewCell.swift in Sources */,
				D6B8322F2865FF43004545BF /* LaunchViewController.swift in Sources */,
				D640682D2868194700E41D49 /* DownloadHelper.swift in Sources */,
				D640683328681ACC00E41D49 /* HomeListCellViewModel.swift in Sources */,
				D645DC4128717811003B0FE7 /* LineupViewModel.swift in Sources */,
				D6413A0D287019A9006BC310 /* AllTeams+Extension.swift in Sources */,
				D640682E2868194700E41D49 /* Color.swift in Sources */,
				D6413A0B286F2792006BC310 /* AllTeamsViewModel.swift in Sources */,
				D645DC4728717A77003B0FE7 /* PlayerCellViewModel.swift in Sources */,
				D6413A1328701C53006BC310 /* TeamViewCellViewModel.swift in Sources */,
				D6DF69F9286DD131008476EF /* SupportImageViewModel.swift in Sources */,
				D645DC44287178AD003B0FE7 /* PlayerCell.swift in Sources */,
				D626286828707DD100199332 /* CityCell.swift in Sources */,
				D6DF69F7286DD11B008476EF /* SupportImageView.swift in Sources */,
				D645DC4928717BF2003B0FE7 /* LineupModel.swift in Sources */,
				D626287028707DF100199332 /* StoryCell.swift in Sources */,
			);
			runOnlyForDeploymentPostprocessing = 0;
		};
/* End PBXSourcesBuildPhase section */

/* Begin PBXVariantGroup section */
		D6B8321F2865F0BD004545BF /* Main.storyboard */ = {
			isa = PBXVariantGroup;
			children = (
				D6B832202865F0BD004545BF /* Base */,
			);
			name = Main.storyboard;
			sourceTree = "<group>";
		};
		D6B832242865F0BE004545BF /* LaunchScreen.storyboard */ = {
			isa = PBXVariantGroup;
			children = (
				D6B832252865F0BE004545BF /* Base */,
			);
			name = LaunchScreen.storyboard;
			sourceTree = "<group>";
		};
/* End PBXVariantGroup section */

/* Begin XCBuildConfiguration section */
		D6B832282865F0BE004545BF /* Debug */ = {
			isa = XCBuildConfiguration;
			buildSettings = {
				ALWAYS_SEARCH_USER_PATHS = NO;
				CLANG_ANALYZER_NONNULL = YES;
				CLANG_ANALYZER_NUMBER_OBJECT_CONVERSION = YES_AGGRESSIVE;
				CLANG_CXX_LANGUAGE_STANDARD = "gnu++17";
				CLANG_ENABLE_MODULES = YES;
				CLANG_ENABLE_OBJC_ARC = YES;
				CLANG_ENABLE_OBJC_WEAK = YES;
				CLANG_WARN_BLOCK_CAPTURE_AUTORELEASING = YES;
				CLANG_WARN_BOOL_CONVERSION = YES;
				CLANG_WARN_COMMA = YES;
				CLANG_WARN_CONSTANT_CONVERSION = YES;
				CLANG_WARN_DEPRECATED_OBJC_IMPLEMENTATIONS = YES;
				CLANG_WARN_DIRECT_OBJC_ISA_USAGE = YES_ERROR;
				CLANG_WARN_DOCUMENTATION_COMMENTS = YES;
				CLANG_WARN_EMPTY_BODY = YES;
				CLANG_WARN_ENUM_CONVERSION = YES;
				CLANG_WARN_INFINITE_RECURSION = YES;
				CLANG_WARN_INT_CONVERSION = YES;
				CLANG_WARN_NON_LITERAL_NULL_CONVERSION = YES;
				CLANG_WARN_OBJC_IMPLICIT_RETAIN_SELF = YES;
				CLANG_WARN_OBJC_LITERAL_CONVERSION = YES;
				CLANG_WARN_OBJC_ROOT_CLASS = YES_ERROR;
				CLANG_WARN_QUOTED_INCLUDE_IN_FRAMEWORK_HEADER = YES;
				CLANG_WARN_RANGE_LOOP_ANALYSIS = YES;
				CLANG_WARN_STRICT_PROTOTYPES = YES;
				CLANG_WARN_SUSPICIOUS_MOVE = YES;
				CLANG_WARN_UNGUARDED_AVAILABILITY = YES_AGGRESSIVE;
				CLANG_WARN_UNREACHABLE_CODE = YES;
				CLANG_WARN__DUPLICATE_METHOD_MATCH = YES;
				COPY_PHASE_STRIP = NO;
				DEBUG_INFORMATION_FORMAT = dwarf;
				ENABLE_STRICT_OBJC_MSGSEND = YES;
				ENABLE_TESTABILITY = YES;
				GCC_C_LANGUAGE_STANDARD = gnu11;
				GCC_DYNAMIC_NO_PIC = NO;
				GCC_NO_COMMON_BLOCKS = YES;
				GCC_OPTIMIZATION_LEVEL = 0;
				GCC_PREPROCESSOR_DEFINITIONS = (
					"DEBUG=1",
					"$(inherited)",
				);
				GCC_WARN_64_TO_32_BIT_CONVERSION = YES;
				GCC_WARN_ABOUT_RETURN_TYPE = YES_ERROR;
				GCC_WARN_UNDECLARED_SELECTOR = YES;
				GCC_WARN_UNINITIALIZED_AUTOS = YES_AGGRESSIVE;
				GCC_WARN_UNUSED_FUNCTION = YES;
				GCC_WARN_UNUSED_VARIABLE = YES;
				IPHONEOS_DEPLOYMENT_TARGET = 15.5;
				MTL_ENABLE_DEBUG_INFO = INCLUDE_SOURCE;
				MTL_FAST_MATH = YES;
				ONLY_ACTIVE_ARCH = YES;
				SDKROOT = iphoneos;
				SWIFT_ACTIVE_COMPILATION_CONDITIONS = DEBUG;
				SWIFT_OPTIMIZATION_LEVEL = "-Onone";
			};
			name = Debug;
		};
		D6B832292865F0BE004545BF /* Release */ = {
			isa = XCBuildConfiguration;
			buildSettings = {
				ALWAYS_SEARCH_USER_PATHS = NO;
				CLANG_ANALYZER_NONNULL = YES;
				CLANG_ANALYZER_NUMBER_OBJECT_CONVERSION = YES_AGGRESSIVE;
				CLANG_CXX_LANGUAGE_STANDARD = "gnu++17";
				CLANG_ENABLE_MODULES = YES;
				CLANG_ENABLE_OBJC_ARC = YES;
				CLANG_ENABLE_OBJC_WEAK = YES;
				CLANG_WARN_BLOCK_CAPTURE_AUTORELEASING = YES;
				CLANG_WARN_BOOL_CONVERSION = YES;
				CLANG_WARN_COMMA = YES;
				CLANG_WARN_CONSTANT_CONVERSION = YES;
				CLANG_WARN_DEPRECATED_OBJC_IMPLEMENTATIONS = YES;
				CLANG_WARN_DIRECT_OBJC_ISA_USAGE = YES_ERROR;
				CLANG_WARN_DOCUMENTATION_COMMENTS = YES;
				CLANG_WARN_EMPTY_BODY = YES;
				CLANG_WARN_ENUM_CONVERSION = YES;
				CLANG_WARN_INFINITE_RECURSION = YES;
				CLANG_WARN_INT_CONVERSION = YES;
				CLANG_WARN_NON_LITERAL_NULL_CONVERSION = YES;
				CLANG_WARN_OBJC_IMPLICIT_RETAIN_SELF = YES;
				CLANG_WARN_OBJC_LITERAL_CONVERSION = YES;
				CLANG_WARN_OBJC_ROOT_CLASS = YES_ERROR;
				CLANG_WARN_QUOTED_INCLUDE_IN_FRAMEWORK_HEADER = YES;
				CLANG_WARN_RANGE_LOOP_ANALYSIS = YES;
				CLANG_WARN_STRICT_PROTOTYPES = YES;
				CLANG_WARN_SUSPICIOUS_MOVE = YES;
				CLANG_WARN_UNGUARDED_AVAILABILITY = YES_AGGRESSIVE;
				CLANG_WARN_UNREACHABLE_CODE = YES;
				CLANG_WARN__DUPLICATE_METHOD_MATCH = YES;
				COPY_PHASE_STRIP = NO;
				DEBUG_INFORMATION_FORMAT = "dwarf-with-dsym";
				ENABLE_NS_ASSERTIONS = NO;
				ENABLE_STRICT_OBJC_MSGSEND = YES;
				GCC_C_LANGUAGE_STANDARD = gnu11;
				GCC_NO_COMMON_BLOCKS = YES;
				GCC_WARN_64_TO_32_BIT_CONVERSION = YES;
				GCC_WARN_ABOUT_RETURN_TYPE = YES_ERROR;
				GCC_WARN_UNDECLARED_SELECTOR = YES;
				GCC_WARN_UNINITIALIZED_AUTOS = YES_AGGRESSIVE;
				GCC_WARN_UNUSED_FUNCTION = YES;
				GCC_WARN_UNUSED_VARIABLE = YES;
				IPHONEOS_DEPLOYMENT_TARGET = 15.5;
				MTL_ENABLE_DEBUG_INFO = NO;
				MTL_FAST_MATH = YES;
				SDKROOT = iphoneos;
				SWIFT_COMPILATION_MODE = wholemodule;
				SWIFT_OPTIMIZATION_LEVEL = "-O";
				VALIDATE_PRODUCT = YES;
			};
			name = Release;
		};
		D6B8322B2865F0BE004545BF /* Debug */ = {
			isa = XCBuildConfiguration;
			buildSettings = {
				ASSETCATALOG_COMPILER_APPICON_NAME = AppIcon;
				ASSETCATALOG_COMPILER_GLOBAL_ACCENT_COLOR_NAME = AccentColor;
				CODE_SIGN_STYLE = Automatic;
				CURRENT_PROJECT_VERSION = 1;
				DEVELOPMENT_TEAM = F25SU568R8;
				GENERATE_INFOPLIST_FILE = YES;
				INFOPLIST_FILE = "PlusLeague+/Info.plist";
				INFOPLIST_KEY_UIApplicationSupportsIndirectInputEvents = YES;
				INFOPLIST_KEY_UILaunchStoryboardName = LaunchScreen;
				INFOPLIST_KEY_UISupportedInterfaceOrientations_iPad = "UIInterfaceOrientationPortrait UIInterfaceOrientationPortraitUpsideDown UIInterfaceOrientationLandscapeLeft UIInterfaceOrientationLandscapeRight";
				INFOPLIST_KEY_UISupportedInterfaceOrientations_iPhone = "UIInterfaceOrientationPortrait UIInterfaceOrientationLandscapeLeft UIInterfaceOrientationLandscapeRight";
				LD_RUNPATH_SEARCH_PATHS = (
					"$(inherited)",
					"@executable_path/Frameworks",
				);
				MARKETING_VERSION = 1.0;
				PRODUCT_BUNDLE_IDENTIFIER = "learnIOS.PlusLeague-";
				PRODUCT_NAME = "$(TARGET_NAME)";
				SWIFT_EMIT_LOC_STRINGS = YES;
				SWIFT_VERSION = 5.0;
				TARGETED_DEVICE_FAMILY = "1,2";
			};
			name = Debug;
		};
		D6B8322C2865F0BE004545BF /* Release */ = {
			isa = XCBuildConfiguration;
			buildSettings = {
				ASSETCATALOG_COMPILER_APPICON_NAME = AppIcon;
				ASSETCATALOG_COMPILER_GLOBAL_ACCENT_COLOR_NAME = AccentColor;
				CODE_SIGN_STYLE = Automatic;
				CURRENT_PROJECT_VERSION = 1;
				DEVELOPMENT_TEAM = F25SU568R8;
				GENERATE_INFOPLIST_FILE = YES;
				INFOPLIST_FILE = "PlusLeague+/Info.plist";
				INFOPLIST_KEY_UIApplicationSupportsIndirectInputEvents = YES;
				INFOPLIST_KEY_UILaunchStoryboardName = LaunchScreen;
				INFOPLIST_KEY_UISupportedInterfaceOrientations_iPad = "UIInterfaceOrientationPortrait UIInterfaceOrientationPortraitUpsideDown UIInterfaceOrientationLandscapeLeft UIInterfaceOrientationLandscapeRight";
				INFOPLIST_KEY_UISupportedInterfaceOrientations_iPhone = "UIInterfaceOrientationPortrait UIInterfaceOrientationLandscapeLeft UIInterfaceOrientationLandscapeRight";
				LD_RUNPATH_SEARCH_PATHS = (
					"$(inherited)",
					"@executable_path/Frameworks",
				);
				MARKETING_VERSION = 1.0;
				PRODUCT_BUNDLE_IDENTIFIER = "learnIOS.PlusLeague-";
				PRODUCT_NAME = "$(TARGET_NAME)";
				SWIFT_EMIT_LOC_STRINGS = YES;
				SWIFT_VERSION = 5.0;
				TARGETED_DEVICE_FAMILY = "1,2";
			};
			name = Release;
		};
/* End XCBuildConfiguration section */

/* Begin XCConfigurationList section */
		D6B832112865F0BD004545BF /* Build configuration list for PBXProject "PlusLeague+" */ = {
			isa = XCConfigurationList;
			buildConfigurations = (
				D6B832282865F0BE004545BF /* Debug */,
				D6B832292865F0BE004545BF /* Release */,
			);
			defaultConfigurationIsVisible = 0;
			defaultConfigurationName = Release;
		};
		D6B8322A2865F0BE004545BF /* Build configuration list for PBXNativeTarget "PlusLeague+" */ = {
			isa = XCConfigurationList;
			buildConfigurations = (
				D6B8322B2865F0BE004545BF /* Debug */,
				D6B8322C2865F0BE004545BF /* Release */,
			);
			defaultConfigurationIsVisible = 0;
			defaultConfigurationName = Release;
		};
/* End XCConfigurationList section */
	};
	rootObject = D6B8320E2865F0BD004545BF /* Project object */;
}
