// !$*UTF8*$!
{
	archiveVersion = 1;
	classes = {
	};
	objectVersion = 55;
	objects = {

/* Begin PBXBuildFile section */
		D64068102867179100E41D49 /* General.ttf in Resources */ = {isa = PBXBuildFile; fileRef = D640680F2867179000E41D49 /* General.ttf */; };
		D6406813286729B500E41D49 /* HomePageViewController.swift in Sources */ = {isa = PBXBuildFile; fileRef = D6406811286729B500E41D49 /* HomePageViewController.swift */; };
		D6406814286729B500E41D49 /* HomePageViewController.xib in Resources */ = {isa = PBXBuildFile; fileRef = D6406812286729B500E41D49 /* HomePageViewController.xib */; };
		D6B8321A2865F0BD004545BF /* AppDelegate.swift in Sources */ = {isa = PBXBuildFile; fileRef = D6B832192865F0BD004545BF /* AppDelegate.swift */; };
		D6B8321C2865F0BD004545BF /* SceneDelegate.swift in Sources */ = {isa = PBXBuildFile; fileRef = D6B8321B2865F0BD004545BF /* SceneDelegate.swift */; };
		D6B832212865F0BD004545BF /* Main.storyboard in Resources */ = {isa = PBXBuildFile; fileRef = D6B8321F2865F0BD004545BF /* Main.storyboard */; };
		D6B832232865F0BE004545BF /* Assets.xcassets in Resources */ = {isa = PBXBuildFile; fileRef = D6B832222865F0BE004545BF /* Assets.xcassets */; };
		D6B832262865F0BE004545BF /* LaunchScreen.storyboard in Resources */ = {isa = PBXBuildFile; fileRef = D6B832242865F0BE004545BF /* LaunchScreen.storyboard */; };
		D6B8322F2865FF43004545BF /* LaunchViewController.swift in Sources */ = {isa = PBXBuildFile; fileRef = D6B8322D2865FF43004545BF /* LaunchViewController.swift */; };
		D6B832302865FF43004545BF /* LaunchViewController.xib in Resources */ = {isa = PBXBuildFile; fileRef = D6B8322E2865FF43004545BF /* LaunchViewController.xib */; };
		D6B832332866CB16004545BF /* Silver.ttf in Resources */ = {isa = PBXBuildFile; fileRef = D6B832322866CA38004545BF /* Silver.ttf */; };
/* End PBXBuildFile section */

/* Begin PBXFileReference section */
		D640680F2867179000E41D49 /* General.ttf */ = {isa = PBXFileReference; lastKnownFileType = file; path = General.ttf; sourceTree = "<group>"; };
		D6406811286729B500E41D49 /* HomePageViewController.swift */ = {isa = PBXFileReference; lastKnownFileType = sourcecode.swift; path = HomePageViewController.swift; sourceTree = "<group>"; };
		D6406812286729B500E41D49 /* HomePageViewController.xib */ = {isa = PBXFileReference; lastKnownFileType = file.xib; path = HomePageViewController.xib; sourceTree = "<group>"; };
		D6B832162865F0BD004545BF /* PlusLeague+.app */ = {isa = PBXFileReference; explicitFileType = wrapper.application; includeInIndex = 0; path = "PlusLeague+.app"; sourceTree = BUILT_PRODUCTS_DIR; };
		D6B832192865F0BD004545BF /* AppDelegate.swift */ = {isa = PBXFileReference; lastKnownFileType = sourcecode.swift; path = AppDelegate.swift; sourceTree = "<group>"; };
		D6B8321B2865F0BD004545BF /* SceneDelegate.swift */ = {isa = PBXFileReference; lastKnownFileType = sourcecode.swift; path = SceneDelegate.swift; sourceTree = "<group>"; };
		D6B832202865F0BD004545BF /* Base */ = {isa = PBXFileReference; lastKnownFileType = file.storyboard; name = Base; path = Base.lproj/Main.storyboard; sourceTree = "<group>"; };
		D6B832222865F0BE004545BF /* Assets.xcassets */ = {isa = PBXFileReference; lastKnownFileType = folder.assetcatalog; path = Assets.xcassets; sourceTree = "<group>"; };
		D6B832252865F0BE004545BF /* Base */ = {isa = PBXFileReference; lastKnownFileType = file.storyboard; name = Base; path = Base.lproj/LaunchScreen.storyboard; sourceTree = "<group>"; };
		D6B832272865F0BE004545BF /* Info.plist */ = {isa = PBXFileReference; lastKnownFileType = text.plist.xml; path = Info.plist; sourceTree = "<group>"; };
		D6B8322D2865FF43004545BF /* LaunchViewController.swift */ = {isa = PBXFileReference; lastKnownFileType = sourcecode.swift; path = LaunchViewController.swift; sourceTree = "<group>"; };
		D6B8322E2865FF43004545BF /* LaunchViewController.xib */ = {isa = PBXFileReference; lastKnownFileType = file.xib; path = LaunchViewController.xib; sourceTree = "<group>"; };
		D6B832322866CA38004545BF /* Silver.ttf */ = {isa = PBXFileReference; lastKnownFileType = file; path = Silver.ttf; sourceTree = "<group>"; };
/* End PBXFileReference section */

/* Begin PBXFrameworksBuildPhase section */
		D6B832132865F0BD004545BF /* Frameworks */ = {
			isa = PBXFrameworksBuildPhase;
			buildActionMask = 2147483647;
			files = (
			);
			runOnlyForDeploymentPostprocessing = 0;
		};
/* End PBXFrameworksBuildPhase section */

/* Begin PBXGroup section */
		D6B8320D2865F0BD004545BF = {
			isa = PBXGroup;
			children = (
				D6B832182865F0BD004545BF /* PlusLeague+ */,
				D6B832172865F0BD004545BF /* Products */,
			);
			sourceTree = "<group>";
		};
		D6B832172865F0BD004545BF /* Products */ = {
			isa = PBXGroup;
			children = (
				D6B832162865F0BD004545BF /* PlusLeague+.app */,
			);
			name = Products;
			sourceTree = "<group>";
		};
		D6B832182865F0BD004545BF /* PlusLeague+ */ = {
			isa = PBXGroup;
			children = (
				D6B832192865F0BD004545BF /* AppDelegate.swift */,
				D6B8321B2865F0BD004545BF /* SceneDelegate.swift */,
				D6406811286729B500E41D49 /* HomePageViewController.swift */,
				D6406812286729B500E41D49 /* HomePageViewController.xib */,
				D6B832312866C485004545BF /* LauchView */,
				D6B8321F2865F0BD004545BF /* Main.storyboard */,
				D6B832222865F0BE004545BF /* Assets.xcassets */,
				D6B832242865F0BE004545BF /* LaunchScreen.storyboard */,
				D6B832272865F0BE004545BF /* Info.plist */,
				D6B832322866CA38004545BF /* Silver.ttf */,
				D640680F2867179000E41D49 /* General.ttf */,
			);
			path = "PlusLeague+";
			sourceTree = "<group>";
		};
		D6B832312866C485004545BF /* LauchView */ = {
			isa = PBXGroup;
			children = (
				D6B8322D2865FF43004545BF /* LaunchViewController.swift */,
				D6B8322E2865FF43004545BF /* LaunchViewController.xib */,
			);
			path = LauchView;
			sourceTree = "<group>";
		};
/* End PBXGroup section */

/* Begin PBXNativeTarget section */
		D6B832152865F0BD004545BF /* PlusLeague+ */ = {
			isa = PBXNativeTarget;
			buildConfigurationList = D6B8322A2865F0BE004545BF /* Build configuration list for PBXNativeTarget "PlusLeague+" */;
			buildPhases = (
				D6B832122865F0BD004545BF /* Sources */,
				D6B832132865F0BD004545BF /* Frameworks */,
				D6B832142865F0BD004545BF /* Resources */,
			);
			buildRules = (
			);
			dependencies = (
			);
			name = "PlusLeague+";
			productName = "PlusLeague+";
			productReference = D6B832162865F0BD004545BF /* PlusLeague+.app */;
			productType = "com.apple.product-type.application";
		};
/* End PBXNativeTarget section */

/* Begin PBXProject section */
		D6B8320E2865F0BD004545BF /* Project object */ = {
			isa = PBXProject;
			attributes = {
				BuildIndependentTargetsInParallel = 1;
				LastSwiftUpdateCheck = 1340;
				LastUpgradeCheck = 1340;
				TargetAttributes = {
					D6B832152865F0BD004545BF = {
						CreatedOnToolsVersion = 13.4.1;
					};
				};
			};
			buildConfigurationList = D6B832112865F0BD004545BF /* Build configuration list for PBXProject "PlusLeague+" */;
			compatibilityVersion = "Xcode 13.0";
			developmentRegion = en;
			hasScannedForEncodings = 0;
			knownRegions = (
				en,
				Base,
			);
			mainGroup = D6B8320D2865F0BD004545BF;
			productRefGroup = D6B832172865F0BD004545BF /* Products */;
			projectDirPath = "";
			projectRoot = "";
			targets = (
				D6B832152865F0BD004545BF /* PlusLeague+ */,
			);
		};
/* End PBXProject section */

/* Begin PBXResourcesBuildPhase section */
		D6B832142865F0BD004545BF /* Resources */ = {
			isa = PBXResourcesBuildPhase;
			buildActionMask = 2147483647;
			files = (
				D6B832262865F0BE004545BF /* LaunchScreen.storyboard in Resources */,
				D6406814286729B500E41D49 /* HomePageViewController.xib in Resources */,
				D64068102867179100E41D49 /* General.ttf in Resources */,
				D6B832232865F0BE004545BF /* Assets.xcassets in Resources */,
				D6B832332866CB16004545BF /* Silver.ttf in Resources */,
				D6B832212865F0BD004545BF /* Main.storyboard in Resources */,
				D6B832302865FF43004545BF /* LaunchViewController.xib in Resources */,
			);
			runOnlyForDeploymentPostprocessing = 0;
		};
/* End PBXResourcesBuildPhase section */

/* Begin PBXSourcesBuildPhase section */
		D6B832122865F0BD004545BF /* Sources */ = {
			isa = PBXSourcesBuildPhase;
			buildActionMask = 2147483647;
			files = (
				D6406813286729B500E41D49 /* HomePageViewController.swift in Sources */,
				D6B8321A2865F0BD004545BF /* AppDelegate.swift in Sources */,
				D6B8321C2865F0BD004545BF /* SceneDelegate.swift in Sources */,
				D6B8322F2865FF43004545BF /* LaunchViewController.swift in Sources */,
			);
			runOnlyForDeploymentPostprocessing = 0;
		};
/* End PBXSourcesBuildPhase section */

/* Begin PBXVariantGroup section */
		D6B8321F2865F0BD004545BF /* Main.storyboard */ = {
			isa = PBXVariantGroup;
			children = (
				D6B832202865F0BD004545BF /* Base */,
			);
			name = Main.storyboard;
			sourceTree = "<group>";
		};
		D6B832242865F0BE004545BF /* LaunchScreen.storyboard */ = {
			isa = PBXVariantGroup;
			children = (
				D6B832252865F0BE004545BF /* Base */,
			);
			name = LaunchScreen.storyboard;
			sourceTree = "<group>";
		};
/* End PBXVariantGroup section */

/* Begin XCBuildConfiguration section */
		D6B832282865F0BE004545BF /* Debug */ = {
			isa = XCBuildConfiguration;
			buildSettings = {
				ALWAYS_SEARCH_USER_PATHS = NO;
				CLANG_ANALYZER_NONNULL = YES;
				CLANG_ANALYZER_NUMBER_OBJECT_CONVERSION = YES_AGGRESSIVE;
				CLANG_CXX_LANGUAGE_STANDARD = "gnu++17";
				CLANG_ENABLE_MODULES = YES;
				CLANG_ENABLE_OBJC_ARC = YES;
				CLANG_ENABLE_OBJC_WEAK = YES;
				CLANG_WARN_BLOCK_CAPTURE_AUTORELEASING = YES;
				CLANG_WARN_BOOL_CONVERSION = YES;
				CLANG_WARN_COMMA = YES;
				CLANG_WARN_CONSTANT_CONVERSION = YES;
				CLANG_WARN_DEPRECATED_OBJC_IMPLEMENTATIONS = YES;
				CLANG_WARN_DIRECT_OBJC_ISA_USAGE = YES_ERROR;
				CLANG_WARN_DOCUMENTATION_COMMENTS = YES;
				CLANG_WARN_EMPTY_BODY = YES;
				CLANG_WARN_ENUM_CONVERSION = YES;
				CLANG_WARN_INFINITE_RECURSION = YES;
				CLANG_WARN_INT_CONVERSION = YES;
				CLANG_WARN_NON_LITERAL_NULL_CONVERSION = YES;
				CLANG_WARN_OBJC_IMPLICIT_RETAIN_SELF = YES;
				CLANG_WARN_OBJC_LITERAL_CONVERSION = YES;
				CLANG_WARN_OBJC_ROOT_CLASS = YES_ERROR;
				CLANG_WARN_QUOTED_INCLUDE_IN_FRAMEWORK_HEADER = YES;
				CLANG_WARN_RANGE_LOOP_ANALYSIS = YES;
				CLANG_WARN_STRICT_PROTOTYPES = YES;
				CLANG_WARN_SUSPICIOUS_MOVE = YES;
				CLANG_WARN_UNGUARDED_AVAILABILITY = YES_AGGRESSIVE;
				CLANG_WARN_UNREACHABLE_CODE = YES;
				CLANG_WARN__DUPLICATE_METHOD_MATCH = YES;
				COPY_PHASE_STRIP = NO;
				DEBUG_INFORMATION_FORMAT = dwarf;
				ENABLE_STRICT_OBJC_MSGSEND = YES;
				ENABLE_TESTABILITY = YES;
				GCC_C_LANGUAGE_STANDARD = gnu11;
				GCC_DYNAMIC_NO_PIC = NO;
				GCC_NO_COMMON_BLOCKS = YES;
				GCC_OPTIMIZATION_LEVEL = 0;
				GCC_PREPROCESSOR_DEFINITIONS = (
					"DEBUG=1",
					"$(inherited)",
				);
				GCC_WARN_64_TO_32_BIT_CONVERSION = YES;
				GCC_WARN_ABOUT_RETURN_TYPE = YES_ERROR;
				GCC_WARN_UNDECLARED_SELECTOR = YES;
				GCC_WARN_UNINITIALIZED_AUTOS = YES_AGGRESSIVE;
				GCC_WARN_UNUSED_FUNCTION = YES;
				GCC_WARN_UNUSED_VARIABLE = YES;
				IPHONEOS_DEPLOYMENT_TARGET = 15.5;
				MTL_ENABLE_DEBUG_INFO = INCLUDE_SOURCE;
				MTL_FAST_MATH = YES;
				ONLY_ACTIVE_ARCH = YES;
				SDKROOT = iphoneos;
				SWIFT_ACTIVE_COMPILATION_CONDITIONS = DEBUG;
				SWIFT_OPTIMIZATION_LEVEL = "-Onone";
			};
			name = Debug;
		};
		D6B832292865F0BE004545BF /* Release */ = {
			isa = XCBuildConfiguration;
			buildSettings = {
				ALWAYS_SEARCH_USER_PATHS = NO;
				CLANG_ANALYZER_NONNULL = YES;
				CLANG_ANALYZER_NUMBER_OBJECT_CONVERSION = YES_AGGRESSIVE;
				CLANG_CXX_LANGUAGE_STANDARD = "gnu++17";
				CLANG_ENABLE_MODULES = YES;
				CLANG_ENABLE_OBJC_ARC = YES;
				CLANG_ENABLE_OBJC_WEAK = YES;
				CLANG_WARN_BLOCK_CAPTURE_AUTORELEASING = YES;
				CLANG_WARN_BOOL_CONVERSION = YES;
				CLANG_WARN_COMMA = YES;
				CLANG_WARN_CONSTANT_CONVERSION = YES;
				CLANG_WARN_DEPRECATED_OBJC_IMPLEMENTATIONS = YES;
				CLANG_WARN_DIRECT_OBJC_ISA_USAGE = YES_ERROR;
				CLANG_WARN_DOCUMENTATION_COMMENTS = YES;
				CLANG_WARN_EMPTY_BODY = YES;
				CLANG_WARN_ENUM_CONVERSION = YES;
				CLANG_WARN_INFINITE_RECURSION = YES;
				CLANG_WARN_INT_CONVERSION = YES;
				CLANG_WARN_NON_LITERAL_NULL_CONVERSION = YES;
				CLANG_WARN_OBJC_IMPLICIT_RETAIN_SELF = YES;
				CLANG_WARN_OBJC_LITERAL_CONVERSION = YES;
				CLANG_WARN_OBJC_ROOT_CLASS = YES_ERROR;
				CLANG_WARN_QUOTED_INCLUDE_IN_FRAMEWORK_HEADER = YES;
				CLANG_WARN_RANGE_LOOP_ANALYSIS = YES;
				CLANG_WARN_STRICT_PROTOTYPES = YES;
				CLANG_WARN_SUSPICIOUS_MOVE = YES;
				CLANG_WARN_UNGUARDED_AVAILABILITY = YES_AGGRESSIVE;
				CLANG_WARN_UNREACHABLE_CODE = YES;
				CLANG_WARN__DUPLICATE_METHOD_MATCH = YES;
				COPY_PHASE_STRIP = NO;
				DEBUG_INFORMATION_FORMAT = "dwarf-with-dsym";
				ENABLE_NS_ASSERTIONS = NO;
				ENABLE_STRICT_OBJC_MSGSEND = YES;
				GCC_C_LANGUAGE_STANDARD = gnu11;
				GCC_NO_COMMON_BLOCKS = YES;
				GCC_WARN_64_TO_32_BIT_CONVERSION = YES;
				GCC_WARN_ABOUT_RETURN_TYPE = YES_ERROR;
				GCC_WARN_UNDECLARED_SELECTOR = YES;
				GCC_WARN_UNINITIALIZED_AUTOS = YES_AGGRESSIVE;
				GCC_WARN_UNUSED_FUNCTION = YES;
				GCC_WARN_UNUSED_VARIABLE = YES;
				IPHONEOS_DEPLOYMENT_TARGET = 15.5;
				MTL_ENABLE_DEBUG_INFO = NO;
				MTL_FAST_MATH = YES;
				SDKROOT = iphoneos;
				SWIFT_COMPILATION_MODE = wholemodule;
				SWIFT_OPTIMIZATION_LEVEL = "-O";
				VALIDATE_PRODUCT = YES;
			};
			name = Release;
		};
		D6B8322B2865F0BE004545BF /* Debug */ = {
			isa = XCBuildConfiguration;
			buildSettings = {
				ASSETCATALOG_COMPILER_APPICON_NAME = AppIcon;
				ASSETCATALOG_COMPILER_GLOBAL_ACCENT_COLOR_NAME = AccentColor;
				CODE_SIGN_STYLE = Automatic;
				CURRENT_PROJECT_VERSION = 1;
				DEVELOPMENT_TEAM = F25SU568R8;
				GENERATE_INFOPLIST_FILE = YES;
				INFOPLIST_FILE = "PlusLeague+/Info.plist";
				INFOPLIST_KEY_UIApplicationSupportsIndirectInputEvents = YES;
				INFOPLIST_KEY_UILaunchStoryboardName = LaunchScreen;
				INFOPLIST_KEY_UISupportedInterfaceOrientations_iPad = "UIInterfaceOrientationPortrait UIInterfaceOrientationPortraitUpsideDown UIInterfaceOrientationLandscapeLeft UIInterfaceOrientationLandscapeRight";
				INFOPLIST_KEY_UISupportedInterfaceOrientations_iPhone = "UIInterfaceOrientationPortrait UIInterfaceOrientationLandscapeLeft UIInterfaceOrientationLandscapeRight";
				LD_RUNPATH_SEARCH_PATHS = (
					"$(inherited)",
					"@executable_path/Frameworks",
				);
				MARKETING_VERSION = 1.0;
				PRODUCT_BUNDLE_IDENTIFIER = "learnIOS.PlusLeague-";
				PRODUCT_NAME = "$(TARGET_NAME)";
				SWIFT_EMIT_LOC_STRINGS = YES;
				SWIFT_VERSION = 5.0;
				TARGETED_DEVICE_FAMILY = "1,2";
			};
			name = Debug;
		};
		D6B8322C2865F0BE004545BF /* Release */ = {
			isa = XCBuildConfiguration;
			buildSettings = {
				ASSETCATALOG_COMPILER_APPICON_NAME = AppIcon;
				ASSETCATALOG_COMPILER_GLOBAL_ACCENT_COLOR_NAME = AccentColor;
				CODE_SIGN_STYLE = Automatic;
				CURRENT_PROJECT_VERSION = 1;
				DEVELOPMENT_TEAM = F25SU568R8;
				GENERATE_INFOPLIST_FILE = YES;
				INFOPLIST_FILE = "PlusLeague+/Info.plist";
				INFOPLIST_KEY_UIApplicationSupportsIndirectInputEvents = YES;
				INFOPLIST_KEY_UILaunchStoryboardName = LaunchScreen;
				INFOPLIST_KEY_UISupportedInterfaceOrientations_iPad = "UIInterfaceOrientationPortrait UIInterfaceOrientationPortraitUpsideDown UIInterfaceOrientationLandscapeLeft UIInterfaceOrientationLandscapeRight";
				INFOPLIST_KEY_UISupportedInterfaceOrientations_iPhone = "UIInterfaceOrientationPortrait UIInterfaceOrientationLandscapeLeft UIInterfaceOrientationLandscapeRight";
				LD_RUNPATH_SEARCH_PATHS = (
					"$(inherited)",
					"@executable_path/Frameworks",
				);
				MARKETING_VERSION = 1.0;
				PRODUCT_BUNDLE_IDENTIFIER = "learnIOS.PlusLeague-";
				PRODUCT_NAME = "$(TARGET_NAME)";
				SWIFT_EMIT_LOC_STRINGS = YES;
				SWIFT_VERSION = 5.0;
				TARGETED_DEVICE_FAMILY = "1,2";
			};
			name = Release;
		};
/* End XCBuildConfiguration section */

/* Begin XCConfigurationList section */
		D6B832112865F0BD004545BF /* Build configuration list for PBXProject "PlusLeague+" */ = {
			isa = XCConfigurationList;
			buildConfigurations = (
				D6B832282865F0BE004545BF /* Debug */,
				D6B832292865F0BE004545BF /* Release */,
			);
			defaultConfigurationIsVisible = 0;
			defaultConfigurationName = Release;
		};
		D6B8322A2865F0BE004545BF /* Build configuration list for PBXNativeTarget "PlusLeague+" */ = {
			isa = XCConfigurationList;
			buildConfigurations = (
				D6B8322B2865F0BE004545BF /* Debug */,
				D6B8322C2865F0BE004545BF /* Release */,
			);
			defaultConfigurationIsVisible = 0;
			defaultConfigurationName = Release;
		};
/* End XCConfigurationList section */
	};
	rootObject = D6B8320E2865F0BD004545BF /* Project object */;
}
